// !$*UTF8*$!
{
	archiveVersion = 1;
	classes = {
	};
	objectVersion = 48;
	objects = {

/* Begin PBXGroup section */
		B3292FC21F91ACC300848CCE = {
			isa = PBXGroup;
			children = (
			);
			sourceTree = "<group>";
		};
/* End PBXGroup section */

/* Begin PBXProject section */
		B3292FC31F91ACC300848CCE /* Project object */ = {
			isa = PBXProject;
			attributes = {
				LastUpgradeCheck = 0900;
			};
			buildConfigurationList = B3292FC61F91ACC300848CCE /* Build configuration list for PBXProject "parse_ics.py" */;
			compatibilityVersion = "Xcode 8.0";
			developmentRegion = en;
			hasScannedForEncodings = 0;
			knownRegions = (
				en,
			);
			mainGroup = B3292FC21F91ACC300848CCE;
			projectDirPath = "";
			projectRoot = "";
			targets = (
			);
		};
/* End PBXProject section */

/* Begin XCBuildConfiguration section */
		B3292FC71F91ACC300848CCE /* Debug */ = {
			isa = XCBuildConfiguration;
			buildSettings = {
			};
			name = Debug;
		};
		B3292FC81F91ACC300848CCE /* Release */ = {
			isa = XCBuildConfiguration;
			buildSettings = {
			};
			name = Release;
		};
/* End XCBuildConfiguration section */

/* Begin XCConfigurationList section */
		B3292FC61F91ACC300848CCE /* Build configuration list for PBXProject "parse_ics.py" */ = {
			isa = XCConfigurationList;
			buildConfigurations = (
				B3292FC71F91ACC300848CCE /* Debug */,
				B3292FC81F91ACC300848CCE /* Release */,
			);
			defaultConfigurationIsVisible = 0;
			defaultConfigurationName = Release;
		};
/* End XCConfigurationList section */
	};
	rootObject = B3292FC31F91ACC300848CCE /* Project object */;
}
